{
  "name": "y",
  "version": "1.0.0",
  "lockfileVersion": 2,
  "requires": true,
  "packages": {
    "": {
      "name": "y",
      "version": "1.0.0",
      "license": "ISC",
      "dependencies": {
        "bootstrap.native": "^4.2.0"
      }
    },
    "node_modules/@thednp/event-listener": {
      "version": "1.0.4",
      "resolved": "https://registry.npmjs.org/@thednp/event-listener/-/event-listener-1.0.4.tgz",
      "integrity": "sha512-EAYzsRiNPdb1yWeisu0WCGUtloHD6P6IpGekJxgBvPR2qNFuMsfQI3XAq+LEJiFKIGKF503JoRfjHcGTO2F+Pw=="
    },
    "node_modules/@thednp/shorty": {
      "version": "1.0.3",
      "resolved": "https://registry.npmjs.org/@thednp/shorty/-/shorty-1.0.3.tgz",
      "integrity": "sha512-PPaERUGmRpi2eWxYUV5yv/pvalPgPOjwKRmRqGMWGuV8xgkvxgtjKIiFJA2D2ei4l4Ih9mEBktDg6Z9+y+To9Q=="
    },
    "node_modules/bootstrap.native": {
      "version": "4.2.0",
      "resolved": "https://registry.npmjs.org/bootstrap.native/-/bootstrap.native-4.2.0.tgz",
      "integrity": "sha512-KefLTHN76MI/bwPUTipTYtU2YcQPf1ATUmtx8zzTqbx0BVvopp+dFGws23+rEcdnA6N0lff/k8Qs7xgEScb3Dg==",
      "dependencies": {
        "@thednp/event-listener": "^1.0.4",
        "@thednp/shorty": "^1.0.3"
      }
    }
  },
  "dependencies": {
    "@thednp/event-listener": {
      "version": "1.0.4",
      "resolved": "https://registry.npmjs.org/@thednp/event-listener/-/event-listener-1.0.4.tgz",
      "integrity": "sha512-EAYzsRiNPdb1yWeisu0WCGUtloHD6P6IpGekJxgBvPR2qNFuMsfQI3XAq+LEJiFKIGKF503JoRfjHcGTO2F+Pw=="
    },
    "@thednp/shorty": {
      "version": "1.0.3",
      "resolved": "https://registry.npmjs.org/@thednp/shorty/-/shorty-1.0.3.tgz",
      "integrity": "sha512-PPaERUGmRpi2eWxYUV5yv/pvalPgPOjwKRmRqGMWGuV8xgkvxgtjKIiFJA2D2ei4l4Ih9mEBktDg6Z9+y+To9Q=="
    },
    "bootstrap.native": {
      "version": "4.2.0",
      "resolved": "https://registry.npmjs.org/bootstrap.native/-/bootstrap.native-4.2.0.tgz",
      "integrity": "sha512-KefLTHN76MI/bwPUTipTYtU2YcQPf1ATUmtx8zzTqbx0BVvopp+dFGws23+rEcdnA6N0lff/k8Qs7xgEScb3Dg==",
      "requires": {
        "@thednp/event-listener": "^1.0.4",
        "@thednp/shorty": "^1.0.3"
      }
    }
  }
}
